// !$*UTF8*$!
{
	archiveVersion = 1;
	classes = {
	};
	objectVersion = 50;
	objects = {

/* Begin PBXBuildFile section */
		A58B9DE225EF7F4F00CC9703 /* AppDelegate.swift in Sources */ = {isa = PBXBuildFile; fileRef = A58B9DE125EF7F4F00CC9703 /* AppDelegate.swift */; };
		A58B9DE425EF7F4F00CC9703 /* SceneDelegate.swift in Sources */ = {isa = PBXBuildFile; fileRef = A58B9DE325EF7F4F00CC9703 /* SceneDelegate.swift */; };
		A58B9DE625EF7F4F00CC9703 /* ViewController.swift in Sources */ = {isa = PBXBuildFile; fileRef = A58B9DE525EF7F4F00CC9703 /* ViewController.swift */; };
		A58B9DE925EF7F4F00CC9703 /* Main.storyboard in Resources */ = {isa = PBXBuildFile; fileRef = A58B9DE725EF7F4F00CC9703 /* Main.storyboard */; };
		A58B9DEB25EF7F5000CC9703 /* Assets.xcassets in Resources */ = {isa = PBXBuildFile; fileRef = A58B9DEA25EF7F5000CC9703 /* Assets.xcassets */; };
		A58B9DEE25EF7F5000CC9703 /* LaunchScreen.storyboard in Resources */ = {isa = PBXBuildFile; fileRef = A58B9DEC25EF7F5000CC9703 /* LaunchScreen.storyboard */; };
		A58B9DF825EF9AAC00CC9703 /* Countdown_UI_Controller.swift in Sources */ = {isa = PBXBuildFile; fileRef = A58B9DF725EF9AAC00CC9703 /* Countdown_UI_Controller.swift */; };
		A58B9DFB25EF9DB300CC9703 /* RoundDescriptor.swift in Sources */ = {isa = PBXBuildFile; fileRef = A58B9DFA25EF9DB300CC9703 /* RoundDescriptor.swift */; };
/* End PBXBuildFile section */

/* Begin PBXFileReference section */
		A58B9DDE25EF7F4F00CC9703 /* BoxingTimerV2.0.app */ = {isa = PBXFileReference; explicitFileType = wrapper.application; includeInIndex = 0; path = BoxingTimerV2.0.app; sourceTree = BUILT_PRODUCTS_DIR; };
		A58B9DE125EF7F4F00CC9703 /* AppDelegate.swift */ = {isa = PBXFileReference; lastKnownFileType = sourcecode.swift; path = AppDelegate.swift; sourceTree = "<group>"; };
		A58B9DE325EF7F4F00CC9703 /* SceneDelegate.swift */ = {isa = PBXFileReference; lastKnownFileType = sourcecode.swift; path = SceneDelegate.swift; sourceTree = "<group>"; };
		A58B9DE525EF7F4F00CC9703 /* ViewController.swift */ = {isa = PBXFileReference; lastKnownFileType = sourcecode.swift; path = ViewController.swift; sourceTree = "<group>"; };
		A58B9DE825EF7F4F00CC9703 /* Base */ = {isa = PBXFileReference; lastKnownFileType = file.storyboard; name = Base; path = Base.lproj/Main.storyboard; sourceTree = "<group>"; };
		A58B9DEA25EF7F5000CC9703 /* Assets.xcassets */ = {isa = PBXFileReference; lastKnownFileType = folder.assetcatalog; path = Assets.xcassets; sourceTree = "<group>"; };
		A58B9DED25EF7F5000CC9703 /* Base */ = {isa = PBXFileReference; lastKnownFileType = file.storyboard; name = Base; path = Base.lproj/LaunchScreen.storyboard; sourceTree = "<group>"; };
		A58B9DEF25EF7F5000CC9703 /* Info.plist */ = {isa = PBXFileReference; lastKnownFileType = text.plist.xml; path = Info.plist; sourceTree = "<group>"; };
		A58B9DF725EF9AAC00CC9703 /* Countdown_UI_Controller.swift */ = {isa = PBXFileReference; lastKnownFileType = sourcecode.swift; path = Countdown_UI_Controller.swift; sourceTree = "<group>"; };
		A58B9DFA25EF9DB300CC9703 /* RoundDescriptor.swift */ = {isa = PBXFileReference; lastKnownFileType = sourcecode.swift; path = RoundDescriptor.swift; sourceTree = "<group>"; };
/* End PBXFileReference section */

/* Begin PBXFrameworksBuildPhase section */
		A58B9DDB25EF7F4F00CC9703 /* Frameworks */ = {
			isa = PBXFrameworksBuildPhase;
			buildActionMask = 2147483647;
			files = (
			);
			runOnlyForDeploymentPostprocessing = 0;
		};
/* End PBXFrameworksBuildPhase section */

/* Begin PBXGroup section */
		A58B9DD525EF7F4F00CC9703 = {
			isa = PBXGroup;
			children = (
				A58B9DF725EF9AAC00CC9703 /* Countdown_UI_Controller.swift */,
				A58B9DE025EF7F4F00CC9703 /* BoxingTimerV2.0 */,
				A58B9DDF25EF7F4F00CC9703 /* Products */,
			);
			sourceTree = "<group>";
		};
		A58B9DDF25EF7F4F00CC9703 /* Products */ = {
			isa = PBXGroup;
			children = (
				A58B9DDE25EF7F4F00CC9703 /* BoxingTimerV2.0.app */,
			);
			name = Products;
			sourceTree = "<group>";
		};
		A58B9DE025EF7F4F00CC9703 /* BoxingTimerV2.0 */ = {
			isa = PBXGroup;
			children = (
				A58B9DE125EF7F4F00CC9703 /* AppDelegate.swift */,
				A58B9DE325EF7F4F00CC9703 /* SceneDelegate.swift */,
				A58B9DE525EF7F4F00CC9703 /* ViewController.swift */,
				A58B9DE725EF7F4F00CC9703 /* Main.storyboard */,
				A58B9DEA25EF7F5000CC9703 /* Assets.xcassets */,
				A58B9DEC25EF7F5000CC9703 /* LaunchScreen.storyboard */,
				A58B9DEF25EF7F5000CC9703 /* Info.plist */,
				A58B9DFA25EF9DB300CC9703 /* RoundDescriptor.swift */,
			);
			path = BoxingTimerV2.0;
			sourceTree = "<group>";
		};
/* End PBXGroup section */

/* Begin PBXNativeTarget section */
		A58B9DDD25EF7F4F00CC9703 /* BoxingTimerV2.0 */ = {
			isa = PBXNativeTarget;
			buildConfigurationList = A58B9DF225EF7F5000CC9703 /* Build configuration list for PBXNativeTarget "BoxingTimerV2.0" */;
			buildPhases = (
				A58B9DDA25EF7F4F00CC9703 /* Sources */,
				A58B9DDB25EF7F4F00CC9703 /* Frameworks */,
				A58B9DDC25EF7F4F00CC9703 /* Resources */,
			);
			buildRules = (
			);
			dependencies = (
			);
			name = BoxingTimerV2.0;
			productName = BoxingTimerV2.0;
			productReference = A58B9DDE25EF7F4F00CC9703 /* BoxingTimerV2.0.app */;
			productType = "com.apple.product-type.application";
		};
/* End PBXNativeTarget section */

/* Begin PBXProject section */
		A58B9DD625EF7F4F00CC9703 /* Project object */ = {
			isa = PBXProject;
			attributes = {
				LastSwiftUpdateCheck = 1220;
				LastUpgradeCheck = 1220;
				TargetAttributes = {
					A58B9DDD25EF7F4F00CC9703 = {
						CreatedOnToolsVersion = 12.2;
					};
				};
			};
			buildConfigurationList = A58B9DD925EF7F4F00CC9703 /* Build configuration list for PBXProject "BoxingTimerV2.0" */;
			compatibilityVersion = "Xcode 9.3";
			developmentRegion = en;
			hasScannedForEncodings = 0;
			knownRegions = (
				en,
				Base,
			);
			mainGroup = A58B9DD525EF7F4F00CC9703;
			productRefGroup = A58B9DDF25EF7F4F00CC9703 /* Products */;
			projectDirPath = "";
			projectRoot = "";
			targets = (
				A58B9DDD25EF7F4F00CC9703 /* BoxingTimerV2.0 */,
			);
		};
/* End PBXProject section */

/* Begin PBXResourcesBuildPhase section */
		A58B9DDC25EF7F4F00CC9703 /* Resources */ = {
			isa = PBXResourcesBuildPhase;
			buildActionMask = 2147483647;
			files = (
				A58B9DEE25EF7F5000CC9703 /* LaunchScreen.storyboard in Resources */,
				A58B9DEB25EF7F5000CC9703 /* Assets.xcassets in Resources */,
				A58B9DE925EF7F4F00CC9703 /* Main.storyboard in Resources */,
			);
			runOnlyForDeploymentPostprocessing = 0;
		};
/* End PBXResourcesBuildPhase section */

/* Begin PBXSourcesBuildPhase section */
		A58B9DDA25EF7F4F00CC9703 /* Sources */ = {
			isa = PBXSourcesBuildPhase;
			buildActionMask = 2147483647;
			files = (
				A58B9DF825EF9AAC00CC9703 /* Countdown_UI_Controller.swift in Sources */,
				A58B9DE625EF7F4F00CC9703 /* ViewController.swift in Sources */,
				A58B9DE225EF7F4F00CC9703 /* AppDelegate.swift in Sources */,
				A58B9DFB25EF9DB300CC9703 /* RoundDescriptor.swift in Sources */,
				A58B9DE425EF7F4F00CC9703 /* SceneDelegate.swift in Sources */,
			);
			runOnlyForDeploymentPostprocessing = 0;
		};
/* End PBXSourcesBuildPhase section */

/* Begin PBXVariantGroup section */
		A58B9DE725EF7F4F00CC9703 /* Main.storyboard */ = {
			isa = PBXVariantGroup;
			children = (
				A58B9DE825EF7F4F00CC9703 /* Base */,
			);
			name = Main.storyboard;
			sourceTree = "<group>";
		};
		A58B9DEC25EF7F5000CC9703 /* LaunchScreen.storyboard */ = {
			isa = PBXVariantGroup;
			children = (
				A58B9DED25EF7F5000CC9703 /* Base */,
			);
			name = LaunchScreen.storyboard;
			sourceTree = "<group>";
		};
/* End PBXVariantGroup section */

/* Begin XCBuildConfiguration section */
		A58B9DF025EF7F5000CC9703 /* Debug */ = {
			isa = XCBuildConfiguration;
			buildSettings = {
				ALWAYS_SEARCH_USER_PATHS = NO;
				CLANG_ANALYZER_NONNULL = YES;
				CLANG_ANALYZER_NUMBER_OBJECT_CONVERSION = YES_AGGRESSIVE;
				CLANG_CXX_LANGUAGE_STANDARD = "gnu++14";
				CLANG_CXX_LIBRARY = "libc++";
				CLANG_ENABLE_MODULES = YES;
				CLANG_ENABLE_OBJC_ARC = YES;
				CLANG_ENABLE_OBJC_WEAK = YES;
				CLANG_WARN_BLOCK_CAPTURE_AUTORELEASING = YES;
				CLANG_WARN_BOOL_CONVERSION = YES;
				CLANG_WARN_COMMA = YES;
				CLANG_WARN_CONSTANT_CONVERSION = YES;
				CLANG_WARN_DEPRECATED_OBJC_IMPLEMENTATIONS = YES;
				CLANG_WARN_DIRECT_OBJC_ISA_USAGE = YES_ERROR;
				CLANG_WARN_DOCUMENTATION_COMMENTS = YES;
				CLANG_WARN_EMPTY_BODY = YES;
				CLANG_WARN_ENUM_CONVERSION = YES;
				CLANG_WARN_INFINITE_RECURSION = YES;
				CLANG_WARN_INT_CONVERSION = YES;
				CLANG_WARN_NON_LITERAL_NULL_CONVERSION = YES;
				CLANG_WARN_OBJC_IMPLICIT_RETAIN_SELF = YES;
				CLANG_WARN_OBJC_LITERAL_CONVERSION = YES;
				CLANG_WARN_OBJC_ROOT_CLASS = YES_ERROR;
				CLANG_WARN_QUOTED_INCLUDE_IN_FRAMEWORK_HEADER = YES;
				CLANG_WARN_RANGE_LOOP_ANALYSIS = YES;
				CLANG_WARN_STRICT_PROTOTYPES = YES;
				CLANG_WARN_SUSPICIOUS_MOVE = YES;
				CLANG_WARN_UNGUARDED_AVAILABILITY = YES_AGGRESSIVE;
				CLANG_WARN_UNREACHABLE_CODE = YES;
				CLANG_WARN__DUPLICATE_METHOD_MATCH = YES;
				COPY_PHASE_STRIP = NO;
				DEBUG_INFORMATION_FORMAT = dwarf;
				ENABLE_STRICT_OBJC_MSGSEND = YES;
				ENABLE_TESTABILITY = YES;
				GCC_C_LANGUAGE_STANDARD = gnu11;
				GCC_DYNAMIC_NO_PIC = NO;
				GCC_NO_COMMON_BLOCKS = YES;
				GCC_OPTIMIZATION_LEVEL = 0;
				GCC_PREPROCESSOR_DEFINITIONS = (
					"DEBUG=1",
					"$(inherited)",
				);
				GCC_WARN_64_TO_32_BIT_CONVERSION = YES;
				GCC_WARN_ABOUT_RETURN_TYPE = YES_ERROR;
				GCC_WARN_UNDECLARED_SELECTOR = YES;
				GCC_WARN_UNINITIALIZED_AUTOS = YES_AGGRESSIVE;
				GCC_WARN_UNUSED_FUNCTION = YES;
				GCC_WARN_UNUSED_VARIABLE = YES;
				IPHONEOS_DEPLOYMENT_TARGET = 14.2;
				MTL_ENABLE_DEBUG_INFO = INCLUDE_SOURCE;
				MTL_FAST_MATH = YES;
				ONLY_ACTIVE_ARCH = YES;
				SDKROOT = iphoneos;
				SWIFT_ACTIVE_COMPILATION_CONDITIONS = DEBUG;
				SWIFT_OPTIMIZATION_LEVEL = "-Onone";
			};
			name = Debug;
		};
		A58B9DF125EF7F5000CC9703 /* Release */ = {
			isa = XCBuildConfiguration;
			buildSettings = {
				ALWAYS_SEARCH_USER_PATHS = NO;
				CLANG_ANALYZER_NONNULL = YES;
				CLANG_ANALYZER_NUMBER_OBJECT_CONVERSION = YES_AGGRESSIVE;
				CLANG_CXX_LANGUAGE_STANDARD = "gnu++14";
				CLANG_CXX_LIBRARY = "libc++";
				CLANG_ENABLE_MODULES = YES;
				CLANG_ENABLE_OBJC_ARC = YES;
				CLANG_ENABLE_OBJC_WEAK = YES;
				CLANG_WARN_BLOCK_CAPTURE_AUTORELEASING = YES;
				CLANG_WARN_BOOL_CONVERSION = YES;
				CLANG_WARN_COMMA = YES;
				CLANG_WARN_CONSTANT_CONVERSION = YES;
				CLANG_WARN_DEPRECATED_OBJC_IMPLEMENTATIONS = YES;
				CLANG_WARN_DIRECT_OBJC_ISA_USAGE = YES_ERROR;
				CLANG_WARN_DOCUMENTATION_COMMENTS = YES;
				CLANG_WARN_EMPTY_BODY = YES;
				CLANG_WARN_ENUM_CONVERSION = YES;
				CLANG_WARN_INFINITE_RECURSION = YES;
				CLANG_WARN_INT_CONVERSION = YES;
				CLANG_WARN_NON_LITERAL_NULL_CONVERSION = YES;
				CLANG_WARN_OBJC_IMPLICIT_RETAIN_SELF = YES;
				CLANG_WARN_OBJC_LITERAL_CONVERSION = YES;
				CLANG_WARN_OBJC_ROOT_CLASS = YES_ERROR;
				CLANG_WARN_QUOTED_INCLUDE_IN_FRAMEWORK_HEADER = YES;
				CLANG_WARN_RANGE_LOOP_ANALYSIS = YES;
				CLANG_WARN_STRICT_PROTOTYPES = YES;
				CLANG_WARN_SUSPICIOUS_MOVE = YES;
				CLANG_WARN_UNGUARDED_AVAILABILITY = YES_AGGRESSIVE;
				CLANG_WARN_UNREACHABLE_CODE = YES;
				CLANG_WARN__DUPLICATE_METHOD_MATCH = YES;
				COPY_PHASE_STRIP = NO;
				DEBUG_INFORMATION_FORMAT = "dwarf-with-dsym";
				ENABLE_NS_ASSERTIONS = NO;
				ENABLE_STRICT_OBJC_MSGSEND = YES;
				GCC_C_LANGUAGE_STANDARD = gnu11;
				GCC_NO_COMMON_BLOCKS = YES;
				GCC_WARN_64_TO_32_BIT_CONVERSION = YES;
				GCC_WARN_ABOUT_RETURN_TYPE = YES_ERROR;
				GCC_WARN_UNDECLARED_SELECTOR = YES;
				GCC_WARN_UNINITIALIZED_AUTOS = YES_AGGRESSIVE;
				GCC_WARN_UNUSED_FUNCTION = YES;
				GCC_WARN_UNUSED_VARIABLE = YES;
				IPHONEOS_DEPLOYMENT_TARGET = 14.2;
				MTL_ENABLE_DEBUG_INFO = NO;
				MTL_FAST_MATH = YES;
				SDKROOT = iphoneos;
				SWIFT_COMPILATION_MODE = wholemodule;
				SWIFT_OPTIMIZATION_LEVEL = "-O";
				VALIDATE_PRODUCT = YES;
			};
			name = Release;
		};
		A58B9DF325EF7F5000CC9703 /* Debug */ = {
			isa = XCBuildConfiguration;
			buildSettings = {
				ASSETCATALOG_COMPILER_APPICON_NAME = AppIcon;
				ASSETCATALOG_COMPILER_GLOBAL_ACCENT_COLOR_NAME = AccentColor;
				CODE_SIGN_STYLE = Automatic;
				INFOPLIST_FILE = BoxingTimerV2.0/Info.plist;
				LD_RUNPATH_SEARCH_PATHS = (
					"$(inherited)",
					"@executable_path/Frameworks",
				);
				PRODUCT_BUNDLE_IDENTIFIER = "Sergey-Fadeev.BoxingTimerV2-0";
				PRODUCT_NAME = "$(TARGET_NAME)";
				SWIFT_VERSION = 5.0;
				TARGETED_DEVICE_FAMILY = 1;
			};
			name = Debug;
		};
		A58B9DF425EF7F5000CC9703 /* Release */ = {
			isa = XCBuildConfiguration;
			buildSettings = {
				ASSETCATALOG_COMPILER_APPICON_NAME = AppIcon;
				ASSETCATALOG_COMPILER_GLOBAL_ACCENT_COLOR_NAME = AccentColor;
				CODE_SIGN_STYLE = Automatic;
				INFOPLIST_FILE = BoxingTimerV2.0/Info.plist;
				LD_RUNPATH_SEARCH_PATHS = (
					"$(inherited)",
					"@executable_path/Frameworks",
				);
				PRODUCT_BUNDLE_IDENTIFIER = "Sergey-Fadeev.BoxingTimerV2-0";
				PRODUCT_NAME = "$(TARGET_NAME)";
				SWIFT_VERSION = 5.0;
				TARGETED_DEVICE_FAMILY = 1;
			};
			name = Release;
		};
/* End XCBuildConfiguration section */

/* Begin XCConfigurationList section */
		A58B9DD925EF7F4F00CC9703 /* Build configuration list for PBXProject "BoxingTimerV2.0" */ = {
			isa = XCConfigurationList;
			buildConfigurations = (
				A58B9DF025EF7F5000CC9703 /* Debug */,
				A58B9DF125EF7F5000CC9703 /* Release */,
			);
			defaultConfigurationIsVisible = 0;
			defaultConfigurationName = Release;
		};
		A58B9DF225EF7F5000CC9703 /* Build configuration list for PBXNativeTarget "BoxingTimerV2.0" */ = {
			isa = XCConfigurationList;
			buildConfigurations = (
				A58B9DF325EF7F5000CC9703 /* Debug */,
				A58B9DF425EF7F5000CC9703 /* Release */,
			);
			defaultConfigurationIsVisible = 0;
			defaultConfigurationName = Release;
		};
/* End XCConfigurationList section */
	};
	rootObject = A58B9DD625EF7F4F00CC9703 /* Project object */;
}
